
Microsoft Visual Studio Solution File, Format Version 12.00
# Visual Studio 15
VisualStudioVersion = 15.0.27703.2018
MinimumVisualStudioVersion = 10.0.40219.1
Project("{8BC9CEB8-8B4A-11D0-8D11-00A0C91BC942}") = "listdelsame", "listdelsame\listdelsame.vcxproj", "{530657DD-4B04-4A3E-9E21-07D584D5C301}"
	ProjectSection(ProjectDependencies) = postProject
		{3F6EBEA5-1B97-487B-BB96-DE152A3A64C5} = {3F6EBEA5-1B97-487B-BB96-DE152A3A64C5}
	EndProjectSection
EndProject
Project("{8BC9CEB8-8B4A-11D0-8D11-00A0C91BC942}") = "marking", "marking\marking.vcxproj", "{3F6EBEA5-1B97-487B-BB96-DE152A3A64C5}"
EndProject
Global
	GlobalSection(SolutionConfigurationPlatforms) = preSolution
		Debug|x64 = Debug|x64
		Debug|x86 = Debug|x86
		Release|x64 = Release|x64
		Release|x86 = Release|x86
	EndGlobalSection
	GlobalSection(ProjectConfigurationPlatforms) = postSolution
		{530657DD-4B04-4A3E-9E21-07D584D5C301}.Debug|x64.ActiveCfg = Debug|x64
		{530657DD-4B04-4A3E-9E21-07D584D5C301}.Debug|x64.Build.0 = Debug|x64
		{530657DD-4B04-4A3E-9E21-07D584D5C301}.Debug|x86.ActiveCfg = Debug|Win32
		{530657DD-4B04-4A3E-9E21-07D584D5C301}.Debug|x86.Build.0 = Debug|Win32
		{530657DD-4B04-4A3E-9E21-07D584D5C301}.Release|x64.ActiveCfg = Release|x64
		{530657DD-4B04-4A3E-9E21-07D584D5C301}.Release|x64.Build.0 = Release|x64
		{530657DD-4B04-4A3E-9E21-07D584D5C301}.Release|x86.ActiveCfg = Release|Win32
		{530657DD-4B04-4A3E-9E21-07D584D5C301}.Release|x86.Build.0 = Release|Win32
		{3F6EBEA5-1B97-487B-BB96-DE152A3A64C5}.Debug|x64.ActiveCfg = Debug|x64
		{3F6EBEA5-1B97-487B-BB96-DE152A3A64C5}.Debug|x64.Build.0 = Debug|x64
		{3F6EBEA5-1B97-487B-BB96-DE152A3A64C5}.Debug|x86.ActiveCfg = Debug|Win32
		{3F6EBEA5-1B97-487B-BB96-DE152A3A64C5}.Debug|x86.Build.0 = Debug|Win32
		{3F6EBEA5-1B97-487B-BB96-DE152A3A64C5}.Release|x64.ActiveCfg = Release|x64
		{3F6EBEA5-1B97-487B-BB96-DE152A3A64C5}.Release|x64.Build.0 = Release|x64
		{3F6EBEA5-1B97-487B-BB96-DE152A3A64C5}.Release|x86.ActiveCfg = Release|Win32
		{3F6EBEA5-1B97-487B-BB96-DE152A3A64C5}.Release|x86.Build.0 = Release|Win32
	EndGlobalSection
	GlobalSection(SolutionProperties) = preSolution
		HideSolutionNode = FALSE
	EndGlobalSection
	GlobalSection(ExtensibilityGlobals) = postSolution
		SolutionGuid = {A73B79A5-B742-41AA-B2FB-11F71CFBB68F}
	EndGlobalSection
EndGlobal
